// !$*UTF8*$!
{
	archiveVersion = 1;
	classes = {
	};
	objectVersion = 46;
	objects = {

/* Begin PBXBuildFile section */
		934D7F151AAF21930025B59D /* GitCommandModel.swift in Sources */ = {isa = PBXBuildFile; fileRef = 934D7F141AAF21930025B59D /* GitCommandModel.swift */; };
		934D7F171AAF28510025B59D /* Config.swift in Sources */ = {isa = PBXBuildFile; fileRef = 934D7F161AAF28510025B59D /* Config.swift */; };
		934D7F191AAF2AC20025B59D /* ConfigViewController.swift in Sources */ = {isa = PBXBuildFile; fileRef = 934D7F181AAF2AC20025B59D /* ConfigViewController.swift */; };
		93A41DDB1A9C5D8600B31B95 /* LatestCommandViewController.swift in Sources */ = {isa = PBXBuildFile; fileRef = 93A41DDA1A9C5D8600B31B95 /* LatestCommandViewController.swift */; };
		93A41DDD1A9C780200B31B95 /* BranchesViewController.swift in Sources */ = {isa = PBXBuildFile; fileRef = 93A41DDC1A9C780200B31B95 /* BranchesViewController.swift */; };
		93AB68371AB571D5001399BE /* SplitViewController.swift in Sources */ = {isa = PBXBuildFile; fileRef = 93AB68361AB571D5001399BE /* SplitViewController.swift */; };
		93CF38431A94AA3D005E0059 /* AppDelegate.swift in Sources */ = {isa = PBXBuildFile; fileRef = 93CF38421A94AA3D005E0059 /* AppDelegate.swift */; };
		93CF38451A94AA3D005E0059 /* ViewController.swift in Sources */ = {isa = PBXBuildFile; fileRef = 93CF38441A94AA3D005E0059 /* ViewController.swift */; };
		93CF38471A94AA3D005E0059 /* Images.xcassets in Resources */ = {isa = PBXBuildFile; fileRef = 93CF38461A94AA3D005E0059 /* Images.xcassets */; };
		93CF38561A94AA3D005E0059 /* GitRebaseFlowerTests.swift in Sources */ = {isa = PBXBuildFile; fileRef = 93CF38551A94AA3D005E0059 /* GitRebaseFlowerTests.swift */; };
		93CF38631A96F151005E0059 /* AccountModel.swift in Sources */ = {isa = PBXBuildFile; fileRef = 93CF38621A96F151005E0059 /* AccountModel.swift */; };
		93CF38651A96F1CC005E0059 /* BranchModel.swift in Sources */ = {isa = PBXBuildFile; fileRef = 93CF38641A96F1CC005E0059 /* BranchModel.swift */; };
		93CF38671A96F21D005E0059 /* AccountListViewController.swift in Sources */ = {isa = PBXBuildFile; fileRef = 93CF38661A96F21D005E0059 /* AccountListViewController.swift */; };
		93CF386A1A972534005E0059 /* Main.storyboard in Resources */ = {isa = PBXBuildFile; fileRef = 93CF38691A972534005E0059 /* Main.storyboard */; };
		93CF386C1A9743CC005E0059 /* Track.swift in Sources */ = {isa = PBXBuildFile; fileRef = 93CF386B1A9743CC005E0059 /* Track.swift */; };
/* End PBXBuildFile section */

/* Begin PBXContainerItemProxy section */
		93CF38501A94AA3D005E0059 /* PBXContainerItemProxy */ = {
			isa = PBXContainerItemProxy;
			containerPortal = 93CF38351A94AA3D005E0059 /* Project object */;
			proxyType = 1;
			remoteGlobalIDString = 93CF383C1A94AA3D005E0059;
			remoteInfo = GitRebaseFlower;
		};
/* End PBXContainerItemProxy section */

/* Begin PBXFileReference section */
		934D7F141AAF21930025B59D /* GitCommandModel.swift */ = {isa = PBXFileReference; fileEncoding = 4; lastKnownFileType = sourcecode.swift; name = GitCommandModel.swift; path = Models/GitCommandModel.swift; sourceTree = "<group>"; };
		934D7F161AAF28510025B59D /* Config.swift */ = {isa = PBXFileReference; fileEncoding = 4; lastKnownFileType = sourcecode.swift; name = Config.swift; path = Models/Config.swift; sourceTree = "<group>"; };
		934D7F181AAF2AC20025B59D /* ConfigViewController.swift */ = {isa = PBXFileReference; fileEncoding = 4; lastKnownFileType = sourcecode.swift; name = ConfigViewController.swift; path = ViewControllers/ConfigViewController.swift; sourceTree = "<group>"; };
		93A41DDA1A9C5D8600B31B95 /* LatestCommandViewController.swift */ = {isa = PBXFileReference; fileEncoding = 4; lastKnownFileType = sourcecode.swift; name = LatestCommandViewController.swift; path = ViewControllers/LatestCommandViewController.swift; sourceTree = "<group>"; };
		93A41DDC1A9C780200B31B95 /* BranchesViewController.swift */ = {isa = PBXFileReference; fileEncoding = 4; lastKnownFileType = sourcecode.swift; name = BranchesViewController.swift; path = ViewControllers/BranchesViewController.swift; sourceTree = "<group>"; };
		93AB68361AB571D5001399BE /* SplitViewController.swift */ = {isa = PBXFileReference; fileEncoding = 4; lastKnownFileType = sourcecode.swift; name = SplitViewController.swift; path = ViewControllers/SplitViewController.swift; sourceTree = "<group>"; };
		93CF383D1A94AA3D005E0059 /* GitRebaseFlower.app */ = {isa = PBXFileReference; explicitFileType = wrapper.application; includeInIndex = 0; path = GitRebaseFlower.app; sourceTree = BUILT_PRODUCTS_DIR; };
		93CF38411A94AA3D005E0059 /* Info.plist */ = {isa = PBXFileReference; lastKnownFileType = text.plist.xml; path = Info.plist; sourceTree = "<group>"; };
		93CF38421A94AA3D005E0059 /* AppDelegate.swift */ = {isa = PBXFileReference; lastKnownFileType = sourcecode.swift; path = AppDelegate.swift; sourceTree = "<group>"; };
		93CF38441A94AA3D005E0059 /* ViewController.swift */ = {isa = PBXFileReference; lastKnownFileType = sourcecode.swift; path = ViewController.swift; sourceTree = "<group>"; };
		93CF38461A94AA3D005E0059 /* Images.xcassets */ = {isa = PBXFileReference; lastKnownFileType = folder.assetcatalog; path = Images.xcassets; sourceTree = "<group>"; };
		93CF384F1A94AA3D005E0059 /* GitRebaseFlowerTests.xctest */ = {isa = PBXFileReference; explicitFileType = wrapper.cfbundle; includeInIndex = 0; path = GitRebaseFlowerTests.xctest; sourceTree = BUILT_PRODUCTS_DIR; };
		93CF38541A94AA3D005E0059 /* Info.plist */ = {isa = PBXFileReference; lastKnownFileType = text.plist.xml; path = Info.plist; sourceTree = "<group>"; };
		93CF38551A94AA3D005E0059 /* GitRebaseFlowerTests.swift */ = {isa = PBXFileReference; lastKnownFileType = sourcecode.swift; path = GitRebaseFlowerTests.swift; sourceTree = "<group>"; };
		93CF38621A96F151005E0059 /* AccountModel.swift */ = {isa = PBXFileReference; fileEncoding = 4; lastKnownFileType = sourcecode.swift; name = AccountModel.swift; path = Models/AccountModel.swift; sourceTree = "<group>"; };
		93CF38641A96F1CC005E0059 /* BranchModel.swift */ = {isa = PBXFileReference; fileEncoding = 4; lastKnownFileType = sourcecode.swift; name = BranchModel.swift; path = Models/BranchModel.swift; sourceTree = "<group>"; };
		93CF38661A96F21D005E0059 /* AccountListViewController.swift */ = {isa = PBXFileReference; fileEncoding = 4; lastKnownFileType = sourcecode.swift; name = AccountListViewController.swift; path = ViewControllers/AccountListViewController.swift; sourceTree = "<group>"; };
		93CF38691A972534005E0059 /* Main.storyboard */ = {isa = PBXFileReference; fileEncoding = 4; lastKnownFileType = file.storyboard; path = Main.storyboard; sourceTree = "<group>"; };
		93CF386B1A9743CC005E0059 /* Track.swift */ = {isa = PBXFileReference; fileEncoding = 4; lastKnownFileType = sourcecode.swift; name = Track.swift; path = Models/Track.swift; sourceTree = "<group>"; };
/* End PBXFileReference section */

/* Begin PBXFrameworksBuildPhase section */
		93CF383A1A94AA3D005E0059 /* Frameworks */ = {
			isa = PBXFrameworksBuildPhase;
			buildActionMask = 2147483647;
			files = (
			);
			runOnlyForDeploymentPostprocessing = 0;
		};
		93CF384C1A94AA3D005E0059 /* Frameworks */ = {
			isa = PBXFrameworksBuildPhase;
			buildActionMask = 2147483647;
			files = (
			);
			runOnlyForDeploymentPostprocessing = 0;
		};
/* End PBXFrameworksBuildPhase section */

/* Begin PBXGroup section */
		93CF38341A94AA3D005E0059 = {
			isa = PBXGroup;
			children = (
				93CF383F1A94AA3D005E0059 /* GitRebaseFlower */,
				93CF38521A94AA3D005E0059 /* GitRebaseFlowerTests */,
				93CF383E1A94AA3D005E0059 /* Products */,
			);
			sourceTree = "<group>";
		};
		93CF383E1A94AA3D005E0059 /* Products */ = {
			isa = PBXGroup;
			children = (
				93CF383D1A94AA3D005E0059 /* GitRebaseFlower.app */,
				93CF384F1A94AA3D005E0059 /* GitRebaseFlowerTests.xctest */,
			);
			name = Products;
			sourceTree = "<group>";
		};
		93CF383F1A94AA3D005E0059 /* GitRebaseFlower */ = {
			isa = PBXGroup;
			children = (
				93CF38681A96F226005E0059 /* ViewController */,
				93CF385F1A96F0A7005E0059 /* Model */,
				93CF38421A94AA3D005E0059 /* AppDelegate.swift */,
				93CF38441A94AA3D005E0059 /* ViewController.swift */,
				93CF38461A94AA3D005E0059 /* Images.xcassets */,
				93CF38401A94AA3D005E0059 /* Supporting Files */,
				93CF38691A972534005E0059 /* Main.storyboard */,
			);
			path = GitRebaseFlower;
			sourceTree = "<group>";
		};
		93CF38401A94AA3D005E0059 /* Supporting Files */ = {
			isa = PBXGroup;
			children = (
				93CF38411A94AA3D005E0059 /* Info.plist */,
			);
			name = "Supporting Files";
			sourceTree = "<group>";
		};
		93CF38521A94AA3D005E0059 /* GitRebaseFlowerTests */ = {
			isa = PBXGroup;
			children = (
				93CF38551A94AA3D005E0059 /* GitRebaseFlowerTests.swift */,
				93CF38531A94AA3D005E0059 /* Supporting Files */,
			);
			path = GitRebaseFlowerTests;
			sourceTree = "<group>";
		};
		93CF38531A94AA3D005E0059 /* Supporting Files */ = {
			isa = PBXGroup;
			children = (
				93CF38541A94AA3D005E0059 /* Info.plist */,
			);
			name = "Supporting Files";
			sourceTree = "<group>";
		};
		93CF385F1A96F0A7005E0059 /* Model */ = {
			isa = PBXGroup;
			children = (
				93CF38641A96F1CC005E0059 /* BranchModel.swift */,
				93CF38621A96F151005E0059 /* AccountModel.swift */,
				93CF386B1A9743CC005E0059 /* Track.swift */,
				934D7F141AAF21930025B59D /* GitCommandModel.swift */,
				934D7F161AAF28510025B59D /* Config.swift */,
			);
			name = Model;
			sourceTree = "<group>";
		};
		93CF38681A96F226005E0059 /* ViewController */ = {
			isa = PBXGroup;
			children = (
				93CF38661A96F21D005E0059 /* AccountListViewController.swift */,
				93A41DDA1A9C5D8600B31B95 /* LatestCommandViewController.swift */,
				93A41DDC1A9C780200B31B95 /* BranchesViewController.swift */,
				934D7F181AAF2AC20025B59D /* ConfigViewController.swift */,
				93AB68361AB571D5001399BE /* SplitViewController.swift */,
			);
			name = ViewController;
			sourceTree = "<group>";
		};
/* End PBXGroup section */

/* Begin PBXNativeTarget section */
		93CF383C1A94AA3D005E0059 /* GitRebaseFlower */ = {
			isa = PBXNativeTarget;
			buildConfigurationList = 93CF38591A94AA3D005E0059 /* Build configuration list for PBXNativeTarget "GitRebaseFlower" */;
			buildPhases = (
				93CF38391A94AA3D005E0059 /* Sources */,
				93CF383A1A94AA3D005E0059 /* Frameworks */,
				93CF383B1A94AA3D005E0059 /* Resources */,
			);
			buildRules = (
			);
			dependencies = (
			);
			name = GitRebaseFlower;
			productName = GitRebaseFlower;
			productReference = 93CF383D1A94AA3D005E0059 /* GitRebaseFlower.app */;
			productType = "com.apple.product-type.application";
		};
		93CF384E1A94AA3D005E0059 /* GitRebaseFlowerTests */ = {
			isa = PBXNativeTarget;
			buildConfigurationList = 93CF385C1A94AA3D005E0059 /* Build configuration list for PBXNativeTarget "GitRebaseFlowerTests" */;
			buildPhases = (
				93CF384B1A94AA3D005E0059 /* Sources */,
				93CF384C1A94AA3D005E0059 /* Frameworks */,
				93CF384D1A94AA3D005E0059 /* Resources */,
			);
			buildRules = (
			);
			dependencies = (
				93CF38511A94AA3D005E0059 /* PBXTargetDependency */,
			);
			name = GitRebaseFlowerTests;
			productName = GitRebaseFlowerTests;
			productReference = 93CF384F1A94AA3D005E0059 /* GitRebaseFlowerTests.xctest */;
			productType = "com.apple.product-type.bundle.unit-test";
		};
/* End PBXNativeTarget section */

/* Begin PBXProject section */
		93CF38351A94AA3D005E0059 /* Project object */ = {
			isa = PBXProject;
			attributes = {
				LastUpgradeCheck = 0610;
				ORGANIZATIONNAME = jigaX;
				TargetAttributes = {
					93CF383C1A94AA3D005E0059 = {
						CreatedOnToolsVersion = 6.1.1;
					};
					93CF384E1A94AA3D005E0059 = {
						CreatedOnToolsVersion = 6.1.1;
						TestTargetID = 93CF383C1A94AA3D005E0059;
					};
				};
			};
			buildConfigurationList = 93CF38381A94AA3D005E0059 /* Build configuration list for PBXProject "GitRebaseFlower" */;
			compatibilityVersion = "Xcode 3.2";
			developmentRegion = English;
			hasScannedForEncodings = 0;
			knownRegions = (
				en,
				Base,
			);
			mainGroup = 93CF38341A94AA3D005E0059;
			productRefGroup = 93CF383E1A94AA3D005E0059 /* Products */;
			projectDirPath = "";
			projectRoot = "";
			targets = (
				93CF383C1A94AA3D005E0059 /* GitRebaseFlower */,
				93CF384E1A94AA3D005E0059 /* GitRebaseFlowerTests */,
			);
		};
/* End PBXProject section */

/* Begin PBXResourcesBuildPhase section */
		93CF383B1A94AA3D005E0059 /* Resources */ = {
			isa = PBXResourcesBuildPhase;
			buildActionMask = 2147483647;
			files = (
				93CF38471A94AA3D005E0059 /* Images.xcassets in Resources */,
				93CF386A1A972534005E0059 /* Main.storyboard in Resources */,
			);
			runOnlyForDeploymentPostprocessing = 0;
		};
		93CF384D1A94AA3D005E0059 /* Resources */ = {
			isa = PBXResourcesBuildPhase;
			buildActionMask = 2147483647;
			files = (
			);
			runOnlyForDeploymentPostprocessing = 0;
		};
/* End PBXResourcesBuildPhase section */

/* Begin PBXSourcesBuildPhase section */
		93CF38391A94AA3D005E0059 /* Sources */ = {
			isa = PBXSourcesBuildPhase;
			buildActionMask = 2147483647;
			files = (
				93CF38451A94AA3D005E0059 /* ViewController.swift in Sources */,
				934D7F151AAF21930025B59D /* GitCommandModel.swift in Sources */,
				93CF38431A94AA3D005E0059 /* AppDelegate.swift in Sources */,
				934D7F191AAF2AC20025B59D /* ConfigViewController.swift in Sources */,
				93CF38631A96F151005E0059 /* AccountModel.swift in Sources */,
				93CF38671A96F21D005E0059 /* AccountListViewController.swift in Sources */,
				93A41DDD1A9C780200B31B95 /* BranchesViewController.swift in Sources */,
				93CF38651A96F1CC005E0059 /* BranchModel.swift in Sources */,
				934D7F171AAF28510025B59D /* Config.swift in Sources */,
				93A41DDB1A9C5D8600B31B95 /* LatestCommandViewController.swift in Sources */,
				93CF386C1A9743CC005E0059 /* Track.swift in Sources */,
				93AB68371AB571D5001399BE /* SplitViewController.swift in Sources */,
			);
			runOnlyForDeploymentPostprocessing = 0;
		};
		93CF384B1A94AA3D005E0059 /* Sources */ = {
			isa = PBXSourcesBuildPhase;
			buildActionMask = 2147483647;
			files = (
				93CF38561A94AA3D005E0059 /* GitRebaseFlowerTests.swift in Sources */,
			);
			runOnlyForDeploymentPostprocessing = 0;
		};
/* End PBXSourcesBuildPhase section */

/* Begin PBXTargetDependency section */
		93CF38511A94AA3D005E0059 /* PBXTargetDependency */ = {
			isa = PBXTargetDependency;
			target = 93CF383C1A94AA3D005E0059 /* GitRebaseFlower */;
			targetProxy = 93CF38501A94AA3D005E0059 /* PBXContainerItemProxy */;
		};
/* End PBXTargetDependency section */

/* Begin XCBuildConfiguration section */
		93CF38571A94AA3D005E0059 /* Debug */ = {
			isa = XCBuildConfiguration;
			buildSettings = {
				ALWAYS_SEARCH_USER_PATHS = NO;
				CLANG_CXX_LANGUAGE_STANDARD = "gnu++0x";
				CLANG_CXX_LIBRARY = "libc++";
				CLANG_ENABLE_MODULES = YES;
				CLANG_ENABLE_OBJC_ARC = YES;
				CLANG_WARN_BOOL_CONVERSION = YES;
				CLANG_WARN_CONSTANT_CONVERSION = YES;
				CLANG_WARN_DIRECT_OBJC_ISA_USAGE = YES_ERROR;
				CLANG_WARN_EMPTY_BODY = YES;
				CLANG_WARN_ENUM_CONVERSION = YES;
				CLANG_WARN_INT_CONVERSION = YES;
				CLANG_WARN_OBJC_ROOT_CLASS = YES_ERROR;
				CLANG_WARN_UNREACHABLE_CODE = YES;
				CLANG_WARN__DUPLICATE_METHOD_MATCH = YES;
				CODE_SIGN_IDENTITY = "-";
				COPY_PHASE_STRIP = NO;
				ENABLE_STRICT_OBJC_MSGSEND = YES;
				GCC_C_LANGUAGE_STANDARD = gnu99;
				GCC_DYNAMIC_NO_PIC = NO;
				GCC_OPTIMIZATION_LEVEL = 0;
				GCC_PREPROCESSOR_DEFINITIONS = (
					"DEBUG=1",
					"$(inherited)",
				);
				GCC_SYMBOLS_PRIVATE_EXTERN = NO;
				GCC_WARN_64_TO_32_BIT_CONVERSION = YES;
				GCC_WARN_ABOUT_RETURN_TYPE = YES_ERROR;
				GCC_WARN_UNDECLARED_SELECTOR = YES;
				GCC_WARN_UNINITIALIZED_AUTOS = YES_AGGRESSIVE;
				GCC_WARN_UNUSED_FUNCTION = YES;
				GCC_WARN_UNUSED_VARIABLE = YES;
				MACOSX_DEPLOYMENT_TARGET = 10.10;
				MTL_ENABLE_DEBUG_INFO = YES;
				ONLY_ACTIVE_ARCH = YES;
				SDKROOT = macosx;
				SWIFT_OPTIMIZATION_LEVEL = "-Onone";
			};
			name = Debug;
		};
		93CF38581A94AA3D005E0059 /* Release */ = {
			isa = XCBuildConfiguration;
			buildSettings = {
				ALWAYS_SEARCH_USER_PATHS = NO;
				CLANG_CXX_LANGUAGE_STANDARD = "gnu++0x";
				CLANG_CXX_LIBRARY = "libc++";
				CLANG_ENABLE_MODULES = YES;
				CLANG_ENABLE_OBJC_ARC = YES;
				CLANG_WARN_BOOL_CONVERSION = YES;
				CLANG_WARN_CONSTANT_CONVERSION = YES;
				CLANG_WARN_DIRECT_OBJC_ISA_USAGE = YES_ERROR;
				CLANG_WARN_EMPTY_BODY = YES;
				CLANG_WARN_ENUM_CONVERSION = YES;
				CLANG_WARN_INT_CONVERSION = YES;
				CLANG_WARN_OBJC_ROOT_CLASS = YES_ERROR;
				CLANG_WARN_UNREACHABLE_CODE = YES;
				CLANG_WARN__DUPLICATE_METHOD_MATCH = YES;
				CODE_SIGN_IDENTITY = "-";
				COPY_PHASE_STRIP = YES;
				DEBUG_INFORMATION_FORMAT = "dwarf-with-dsym";
				ENABLE_NS_ASSERTIONS = NO;
				ENABLE_STRICT_OBJC_MSGSEND = YES;
				GCC_C_LANGUAGE_STANDARD = gnu99;
				GCC_WARN_64_TO_32_BIT_CONVERSION = YES;
				GCC_WARN_ABOUT_RETURN_TYPE = YES_ERROR;
				GCC_WARN_UNDECLARED_SELECTOR = YES;
				GCC_WARN_UNINITIALIZED_AUTOS = YES_AGGRESSIVE;
				GCC_WARN_UNUSED_FUNCTION = YES;
				GCC_WARN_UNUSED_VARIABLE = YES;
				MACOSX_DEPLOYMENT_TARGET = 10.10;
				MTL_ENABLE_DEBUG_INFO = NO;
				SDKROOT = macosx;
			};
			name = Release;
		};
		93CF385A1A94AA3D005E0059 /* Debug */ = {
			isa = XCBuildConfiguration;
			buildSettings = {
				ASSETCATALOG_COMPILER_APPICON_NAME = AppIcon;
				COMBINE_HIDPI_IMAGES = YES;
				INFOPLIST_FILE = GitRebaseFlower/Info.plist;
				LD_RUNPATH_SEARCH_PATHS = "$(inherited) @executable_path/../Frameworks";
				PRODUCT_NAME = "$(TARGET_NAME)";
			};
			name = Debug;
		};
		93CF385B1A94AA3D005E0059 /* Release */ = {
			isa = XCBuildConfiguration;
			buildSettings = {
				ASSETCATALOG_COMPILER_APPICON_NAME = AppIcon;
				COMBINE_HIDPI_IMAGES = YES;
				INFOPLIST_FILE = GitRebaseFlower/Info.plist;
				LD_RUNPATH_SEARCH_PATHS = "$(inherited) @executable_path/../Frameworks";
				PRODUCT_NAME = "$(TARGET_NAME)";
			};
			name = Release;
		};
		93CF385D1A94AA3D005E0059 /* Debug */ = {
			isa = XCBuildConfiguration;
			buildSettings = {
				BUNDLE_LOADER = "$(TEST_HOST)";
				COMBINE_HIDPI_IMAGES = YES;
				FRAMEWORK_SEARCH_PATHS = (
					"$(DEVELOPER_FRAMEWORKS_DIR)",
					"$(inherited)",
				);
				GCC_PREPROCESSOR_DEFINITIONS = (
					"DEBUG=1",
					"$(inherited)",
				);
				INFOPLIST_FILE = GitRebaseFlowerTests/Info.plist;
				LD_RUNPATH_SEARCH_PATHS = "$(inherited) @executable_path/../Frameworks @loader_path/../Frameworks";
				PRODUCT_NAME = "$(TARGET_NAME)";
				TEST_HOST = "$(BUILT_PRODUCTS_DIR)/GitRebaseFlower.app/Contents/MacOS/GitRebaseFlower";
			};
			name = Debug;
		};
		93CF385E1A94AA3D005E0059 /* Release */ = {
			isa = XCBuildConfiguration;
			buildSettings = {
				BUNDLE_LOADER = "$(TEST_HOST)";
				COMBINE_HIDPI_IMAGES = YES;
				FRAMEWORK_SEARCH_PATHS = (
					"$(DEVELOPER_FRAMEWORKS_DIR)",
					"$(inherited)",
				);
				INFOPLIST_FILE = GitRebaseFlowerTests/Info.plist;
				LD_RUNPATH_SEARCH_PATHS = "$(inherited) @executable_path/../Frameworks @loader_path/../Frameworks";
				PRODUCT_NAME = "$(TARGET_NAME)";
				TEST_HOST = "$(BUILT_PRODUCTS_DIR)/GitRebaseFlower.app/Contents/MacOS/GitRebaseFlower";
			};
			name = Release;
		};
/* End XCBuildConfiguration section */

/* Begin XCConfigurationList section */
		93CF38381A94AA3D005E0059 /* Build configuration list for PBXProject "GitRebaseFlower" */ = {
			isa = XCConfigurationList;
			buildConfigurations = (
				93CF38571A94AA3D005E0059 /* Debug */,
				93CF38581A94AA3D005E0059 /* Release */,
			);
			defaultConfigurationIsVisible = 0;
			defaultConfigurationName = Release;
		};
		93CF38591A94AA3D005E0059 /* Build configuration list for PBXNativeTarget "GitRebaseFlower" */ = {
			isa = XCConfigurationList;
			buildConfigurations = (
				93CF385A1A94AA3D005E0059 /* Debug */,
				93CF385B1A94AA3D005E0059 /* Release */,
			);
			defaultConfigurationIsVisible = 0;
			defaultConfigurationName = Release;
		};
		93CF385C1A94AA3D005E0059 /* Build configuration list for PBXNativeTarget "GitRebaseFlowerTests" */ = {
			isa = XCConfigurationList;
			buildConfigurations = (
				93CF385D1A94AA3D005E0059 /* Debug */,
				93CF385E1A94AA3D005E0059 /* Release */,
			);
			defaultConfigurationIsVisible = 0;
			defaultConfigurationName = Release;
		};
/* End XCConfigurationList section */
	};
	rootObject = 93CF38351A94AA3D005E0059 /* Project object */;
}
